
Microsoft Visual Studio Solution File, Format Version 12.00
# Visual Studio Version 17
VisualStudioVersion = 17.2.32516.85
MinimumVisualStudioVersion = 10.0.40219.1
Project("{FAE04EC0-301F-11D3-BF4B-00C04F79EFBC}") = "InventoryManagment", "InventoryManagment\InventoryManagment.csproj", "{4637DE98-8D5B-414F-9DAE-4BFAFEBE86D5}"
EndProject
Global
	GlobalSection(SolutionConfigurationPlatforms) = preSolution
		Debug|Any CPU = Debug|Any CPU
		Release|Any CPU = Release|Any CPU
	EndGlobalSection
	GlobalSection(ProjectConfigurationPlatforms) = postSolution
		{4637DE98-8D5B-414F-9DAE-4BFAFEBE86D5}.Debug|Any CPU.ActiveCfg = Debug|Any CPU
		{4637DE98-8D5B-414F-9DAE-4BFAFEBE86D5}.Debug|Any CPU.Build.0 = Debug|Any CPU
		{4637DE98-8D5B-414F-9DAE-4BFAFEBE86D5}.Release|Any CPU.ActiveCfg = Release|Any CPU
		{4637DE98-8D5B-414F-9DAE-4BFAFEBE86D5}.Release|Any CPU.Build.0 = Release|Any CPU
	EndGlobalSection
	GlobalSection(SolutionProperties) = preSolution
		HideSolutionNode = FALSE
	EndGlobalSection
	GlobalSection(ExtensibilityGlobals) = postSolution
		SolutionGuid = {609F8B07-543E-4473-BCEE-29B26A1D0175}
	EndGlobalSection
EndGlobal
